
Microsoft Visual Studio Solution File, Format Version 12.00
# Visual Studio Version 17
VisualStudioVersion = 17.5.33627.172
MinimumVisualStudioVersion = 10.0.40219.1
Project("{FAE04EC0-301F-11D3-BF4B-00C04F79EFBC}") = "RazorPagesApp", "RazorPagesApp\RazorPagesApp.csproj", "{E43DF510-C0F7-40BD-A3CD-8FA496780BBA}"
EndProject
Global
	GlobalSection(SolutionConfigurationPlatforms) = preSolution
		Debug|Any CPU = Debug|Any CPU
		Release|Any CPU = Release|Any CPU
	EndGlobalSection
	GlobalSection(ProjectConfigurationPlatforms) = postSolution
		{E43DF510-C0F7-40BD-A3CD-8FA496780BBA}.Debug|Any CPU.ActiveCfg = Debug|Any CPU
		{E43DF510-C0F7-40BD-A3CD-8FA496780BBA}.Debug|Any CPU.Build.0 = Debug|Any CPU
		{E43DF510-C0F7-40BD-A3CD-8FA496780BBA}.Release|Any CPU.ActiveCfg = Release|Any CPU
		{E43DF510-C0F7-40BD-A3CD-8FA496780BBA}.Release|Any CPU.Build.0 = Release|Any CPU
	EndGlobalSection
	GlobalSection(SolutionProperties) = preSolution
		HideSolutionNode = FALSE
	EndGlobalSection
	GlobalSection(ExtensibilityGlobals) = postSolution
		SolutionGuid = {3AFD5D02-8D22-4989-808B-CBF9545DF208}
	EndGlobalSection
EndGlobal
